
Microsoft Visual Studio Solution File, Format Version 11.00
# Visual Studio 2010
Project("{FAE04EC0-301F-11D3-BF4B-00C04F79EFBC}") = "HAMACO", "HAMACO\HAMACO.csproj", "{7F63E510-FFF0-4986-8844-00DEC8C4C3EC}"
EndProject
Global
	GlobalSection(SolutionConfigurationPlatforms) = preSolution
		Debug|Any CPU = Debug|Any CPU
		Debug|x86 = Debug|x86
		Release|Any CPU = Release|Any CPU
		Release|x86 = Release|x86
	EndGlobalSection
	GlobalSection(ProjectConfigurationPlatforms) = postSolution
		{7F63E510-FFF0-4986-8844-00DEC8C4C3EC}.Debug|Any CPU.ActiveCfg = Debug|Any CPU
		{7F63E510-FFF0-4986-8844-00DEC8C4C3EC}.Debug|Any CPU.Build.0 = Debug|Any CPU
		{7F63E510-FFF0-4986-8844-00DEC8C4C3EC}.Debug|x86.ActiveCfg = Debug|x86
		{7F63E510-FFF0-4986-8844-00DEC8C4C3EC}.Debug|x86.Build.0 = Debug|x86
		{7F63E510-FFF0-4986-8844-00DEC8C4C3EC}.Release|Any CPU.ActiveCfg = Release|Any CPU
		{7F63E510-FFF0-4986-8844-00DEC8C4C3EC}.Release|Any CPU.Build.0 = Release|Any CPU
		{7F63E510-FFF0-4986-8844-00DEC8C4C3EC}.Release|x86.ActiveCfg = Release|x86
		{7F63E510-FFF0-4986-8844-00DEC8C4C3EC}.Release|x86.Build.0 = Release|x86
	EndGlobalSection
	GlobalSection(SolutionProperties) = preSolution
		HideSolutionNode = FALSE
	EndGlobalSection
EndGlobal
